
Microsoft Visual Studio Solution File, Format Version 12.00
# Visual Studio Version 17
VisualStudioVersion = 17.1.32319.34
MinimumVisualStudioVersion = 10.0.40219.1
Project("{9A19103F-16F7-4668-BE54-9A1E7A4F7556}") = "Election.API", "Election.API\Election.API.csproj", "{57D17F13-06AF-4BE4-BE22-7CE856672986}"
EndProject
Project("{FAE04EC0-301F-11D3-BF4B-00C04F79EFBC}") = "Constituency.Desktop", "Constituency.Desktop\Constituency.Desktop.csproj", "{0DBA0630-D494-4E24-A8C2-58BC428DA198}"
EndProject
Project("{2150E333-8FDC-42A3-9474-1A3956D46DE8}") = "Solution Items", "Solution Items", "{C730566B-6271-4E13-87CE-D5456D86CE6C}"
	ProjectSection(SolutionItems) = preProject
		.editorconfig = .editorconfig
	EndProjectSection
EndProject
Global
	GlobalSection(SolutionConfigurationPlatforms) = preSolution
		Debug|Any CPU = Debug|Any CPU
		Release|Any CPU = Release|Any CPU
	EndGlobalSection
	GlobalSection(ProjectConfigurationPlatforms) = postSolution
		{57D17F13-06AF-4BE4-BE22-7CE856672986}.Debug|Any CPU.ActiveCfg = Debug|Any CPU
		{57D17F13-06AF-4BE4-BE22-7CE856672986}.Debug|Any CPU.Build.0 = Debug|Any CPU
		{57D17F13-06AF-4BE4-BE22-7CE856672986}.Release|Any CPU.ActiveCfg = Release|Any CPU
		{57D17F13-06AF-4BE4-BE22-7CE856672986}.Release|Any CPU.Build.0 = Release|Any CPU
		{0DBA0630-D494-4E24-A8C2-58BC428DA198}.Debug|Any CPU.ActiveCfg = Debug|Any CPU
		{0DBA0630-D494-4E24-A8C2-58BC428DA198}.Debug|Any CPU.Build.0 = Debug|Any CPU
		{0DBA0630-D494-4E24-A8C2-58BC428DA198}.Release|Any CPU.ActiveCfg = Release|Any CPU
		{0DBA0630-D494-4E24-A8C2-58BC428DA198}.Release|Any CPU.Build.0 = Release|Any CPU
	EndGlobalSection
	GlobalSection(SolutionProperties) = preSolution
		HideSolutionNode = FALSE
	EndGlobalSection
	GlobalSection(ExtensibilityGlobals) = postSolution
		SolutionGuid = {EAE29031-5311-4F8E-89C6-18E3058DA8B9}
	EndGlobalSection
EndGlobal
